// !$*UTF8*$!
{
	archiveVersion = 1;
	classes = {
	};
	objectVersion = 56;
	objects = {

/* Begin PBXBuildFile section */
		45D5BC612A98650B00BDD76A /* Banco_de_MedicamentosApp.swift in Sources */ = {isa = PBXBuildFile; fileRef = 45D5BC602A98650B00BDD76A /* Banco_de_MedicamentosApp.swift */; };
		45D5BC632A98650B00BDD76A /* ContentView.swift in Sources */ = {isa = PBXBuildFile; fileRef = 45D5BC622A98650B00BDD76A /* ContentView.swift */; };
		45D5BC652A98650C00BDD76A /* Assets.xcassets in Resources */ = {isa = PBXBuildFile; fileRef = 45D5BC642A98650C00BDD76A /* Assets.xcassets */; };
		45D5BC682A98650C00BDD76A /* Preview Assets.xcassets in Resources */ = {isa = PBXBuildFile; fileRef = 45D5BC672A98650C00BDD76A /* Preview Assets.xcassets */; };
		55118A112AAAB0F6001211FA /* Home.swift in Sources */ = {isa = PBXBuildFile; fileRef = 55118A102AAAB0F6001211FA /* Home.swift */; };
		DB14C1692ABBBCCC002EDBB4 /* medicinaData.json in Resources */ = {isa = PBXBuildFile; fileRef = DB14C1682ABBBCCC002EDBB4 /* medicinaData.json */; };
		DB14C16B2ABBBCE1002EDBB4 /* centroData.json in Resources */ = {isa = PBXBuildFile; fileRef = DB14C16A2ABBBCE1002EDBB4 /* centroData.json */; };
		DB14C16D2ABBBE9A002EDBB4 /* LoadMedicinaJSON.swift in Sources */ = {isa = PBXBuildFile; fileRef = DB14C16C2ABBBE9A002EDBB4 /* LoadMedicinaJSON.swift */; };
		DB14C16F2ABBBEAB002EDBB4 /* LoadCentroJSON.swift in Sources */ = {isa = PBXBuildFile; fileRef = DB14C16E2ABBBEAB002EDBB4 /* LoadCentroJSON.swift */; };
		DB5A29332ABE76130014B9C1 /* MainMenu.swift in Sources */ = {isa = PBXBuildFile; fileRef = DB5A29322ABE76130014B9C1 /* MainMenu.swift */; };
		DB7BAE192ABBAC2C000E7B4D /* MedicinaRow.swift in Sources */ = {isa = PBXBuildFile; fileRef = DB7BAE182ABBAC2C000E7B4D /* MedicinaRow.swift */; };
		DB7BAE1B2ABBAC41000E7B4D /* CentroRow.swift in Sources */ = {isa = PBXBuildFile; fileRef = DB7BAE1A2ABBAC41000E7B4D /* CentroRow.swift */; };
		DBCA3CBC2ABD2C3A001FF2BC /* MedicinaList.swift in Sources */ = {isa = PBXBuildFile; fileRef = DBCA3CBB2ABD2C3A001FF2BC /* MedicinaList.swift */; };
		DBCB84B32ABAB950002217F6 /* CircleView.swift in Sources */ = {isa = PBXBuildFile; fileRef = DBCB84B22ABAB950002217F6 /* CircleView.swift */; };
		DBCB84B82ABABBB6002217F6 /* Medicina.swift in Sources */ = {isa = PBXBuildFile; fileRef = DBCB84B72ABABBB6002217F6 /* Medicina.swift */; };
		DBCB84BA2ABABBC2002217F6 /* Centro.swift in Sources */ = {isa = PBXBuildFile; fileRef = DBCB84B92ABABBC2002217F6 /* Centro.swift */; };
		DBE1C6D52ABD642600D81942 /* MedicinaDetail.swift in Sources */ = {isa = PBXBuildFile; fileRef = DBE1C6D42ABD642600D81942 /* MedicinaDetail.swift */; };
/* End PBXBuildFile section */

/* Begin PBXFileReference section */
		45D5BC5D2A98650B00BDD76A /* Banco_de_Medicamentos.app */ = {isa = PBXFileReference; explicitFileType = wrapper.application; includeInIndex = 0; path = Banco_de_Medicamentos.app; sourceTree = BUILT_PRODUCTS_DIR; };
		45D5BC602A98650B00BDD76A /* Banco_de_MedicamentosApp.swift */ = {isa = PBXFileReference; lastKnownFileType = sourcecode.swift; path = Banco_de_MedicamentosApp.swift; sourceTree = "<group>"; };
		45D5BC622A98650B00BDD76A /* ContentView.swift */ = {isa = PBXFileReference; lastKnownFileType = sourcecode.swift; path = ContentView.swift; sourceTree = "<group>"; };
		45D5BC642A98650C00BDD76A /* Assets.xcassets */ = {isa = PBXFileReference; lastKnownFileType = folder.assetcatalog; path = Assets.xcassets; sourceTree = "<group>"; };
		45D5BC672A98650C00BDD76A /* Preview Assets.xcassets */ = {isa = PBXFileReference; lastKnownFileType = folder.assetcatalog; path = "Preview Assets.xcassets"; sourceTree = "<group>"; };
		55118A102AAAB0F6001211FA /* Home.swift */ = {isa = PBXFileReference; lastKnownFileType = sourcecode.swift; path = Home.swift; sourceTree = "<group>"; };
		DB14C1682ABBBCCC002EDBB4 /* medicinaData.json */ = {isa = PBXFileReference; fileEncoding = 4; lastKnownFileType = text.json; path = medicinaData.json; sourceTree = "<group>"; };
		DB14C16A2ABBBCE1002EDBB4 /* centroData.json */ = {isa = PBXFileReference; fileEncoding = 4; lastKnownFileType = text.json; path = centroData.json; sourceTree = "<group>"; };
		DB14C16C2ABBBE9A002EDBB4 /* LoadMedicinaJSON.swift */ = {isa = PBXFileReference; lastKnownFileType = sourcecode.swift; path = LoadMedicinaJSON.swift; sourceTree = "<group>"; };
		DB14C16E2ABBBEAB002EDBB4 /* LoadCentroJSON.swift */ = {isa = PBXFileReference; lastKnownFileType = sourcecode.swift; path = LoadCentroJSON.swift; sourceTree = "<group>"; };
		DB5A29322ABE76130014B9C1 /* MainMenu.swift */ = {isa = PBXFileReference; lastKnownFileType = sourcecode.swift; path = MainMenu.swift; sourceTree = "<group>"; };
		DB7BAE182ABBAC2C000E7B4D /* MedicinaRow.swift */ = {isa = PBXFileReference; lastKnownFileType = sourcecode.swift; path = MedicinaRow.swift; sourceTree = "<group>"; };
		DB7BAE1A2ABBAC41000E7B4D /* CentroRow.swift */ = {isa = PBXFileReference; lastKnownFileType = sourcecode.swift; path = CentroRow.swift; sourceTree = "<group>"; };
		DBCA3CBB2ABD2C3A001FF2BC /* MedicinaList.swift */ = {isa = PBXFileReference; lastKnownFileType = sourcecode.swift; path = MedicinaList.swift; sourceTree = "<group>"; };
		DBCB84B22ABAB950002217F6 /* CircleView.swift */ = {isa = PBXFileReference; lastKnownFileType = sourcecode.swift; path = CircleView.swift; sourceTree = "<group>"; };
		DBCB84B72ABABBB6002217F6 /* Medicina.swift */ = {isa = PBXFileReference; lastKnownFileType = sourcecode.swift; path = Medicina.swift; sourceTree = "<group>"; };
		DBCB84B92ABABBC2002217F6 /* Centro.swift */ = {isa = PBXFileReference; lastKnownFileType = sourcecode.swift; path = Centro.swift; sourceTree = "<group>"; };
		DBE1C6D42ABD642600D81942 /* MedicinaDetail.swift */ = {isa = PBXFileReference; lastKnownFileType = sourcecode.swift; path = MedicinaDetail.swift; sourceTree = "<group>"; };
/* End PBXFileReference section */

/* Begin PBXFrameworksBuildPhase section */
		45D5BC5A2A98650B00BDD76A /* Frameworks */ = {
			isa = PBXFrameworksBuildPhase;
			buildActionMask = 2147483647;
			files = (
			);
			runOnlyForDeploymentPostprocessing = 0;
		};
/* End PBXFrameworksBuildPhase section */

/* Begin PBXGroup section */
		45D5BC542A98650B00BDD76A = {
			isa = PBXGroup;
			children = (
				45D5BC5F2A98650B00BDD76A /* Banco_de_Medicamentos */,
				45D5BC5E2A98650B00BDD76A /* Products */,
			);
			sourceTree = "<group>";
		};
		45D5BC5E2A98650B00BDD76A /* Products */ = {
			isa = PBXGroup;
			children = (
				45D5BC5D2A98650B00BDD76A /* Banco_de_Medicamentos.app */,
			);
			name = Products;
			sourceTree = "<group>";
		};
		45D5BC5F2A98650B00BDD76A /* Banco_de_Medicamentos */ = {
			isa = PBXGroup;
			children = (
				DB14C1672ABBBB68002EDBB4 /* Resources */,
				DB7BAE172ABBA1DD000E7B4D /* Views */,
				DBCB84B62ABABB88002217F6 /* Model */,
				45D5BC602A98650B00BDD76A /* Banco_de_MedicamentosApp.swift */,
				45D5BC642A98650C00BDD76A /* Assets.xcassets */,
				45D5BC662A98650C00BDD76A /* Preview Content */,
			);
			path = Banco_de_Medicamentos;
			sourceTree = "<group>";
		};
		45D5BC662A98650C00BDD76A /* Preview Content */ = {
			isa = PBXGroup;
			children = (
				45D5BC672A98650C00BDD76A /* Preview Assets.xcassets */,
			);
			path = "Preview Content";
			sourceTree = "<group>";
		};
		DB14C1672ABBBB68002EDBB4 /* Resources */ = {
			isa = PBXGroup;
			children = (
				DB14C1682ABBBCCC002EDBB4 /* medicinaData.json */,
				DB14C16A2ABBBCE1002EDBB4 /* centroData.json */,
			);
			path = Resources;
			sourceTree = "<group>";
		};
		DB7BAE172ABBA1DD000E7B4D /* Views */ = {
			isa = PBXGroup;
			children = (
				55118A102AAAB0F6001211FA /* Home.swift */,
				DBCB84B22ABAB950002217F6 /* CircleView.swift */,
				45D5BC622A98650B00BDD76A /* ContentView.swift */,
				DB7BAE182ABBAC2C000E7B4D /* MedicinaRow.swift */,
				DBCA3CBB2ABD2C3A001FF2BC /* MedicinaList.swift */,
				DBE1C6D42ABD642600D81942 /* MedicinaDetail.swift */,
				DB7BAE1A2ABBAC41000E7B4D /* CentroRow.swift */,
				DB5A29322ABE76130014B9C1 /* MainMenu.swift */,
			);
			path = Views;
			sourceTree = "<group>";
		};
		DBCB84B62ABABB88002217F6 /* Model */ = {
			isa = PBXGroup;
			children = (
				DBCB84B72ABABBB6002217F6 /* Medicina.swift */,
				DBCB84B92ABABBC2002217F6 /* Centro.swift */,
				DB14C16C2ABBBE9A002EDBB4 /* LoadMedicinaJSON.swift */,
				DB14C16E2ABBBEAB002EDBB4 /* LoadCentroJSON.swift */,
			);
			path = Model;
			sourceTree = "<group>";
		};
/* End PBXGroup section */

/* Begin PBXNativeTarget section */
		45D5BC5C2A98650B00BDD76A /* Banco_de_Medicamentos */ = {
			isa = PBXNativeTarget;
			buildConfigurationList = 45D5BC6B2A98650C00BDD76A /* Build configuration list for PBXNativeTarget "Banco_de_Medicamentos" */;
			buildPhases = (
				45D5BC592A98650B00BDD76A /* Sources */,
				45D5BC5A2A98650B00BDD76A /* Frameworks */,
				45D5BC5B2A98650B00BDD76A /* Resources */,
			);
			buildRules = (
			);
			dependencies = (
			);
			name = Banco_de_Medicamentos;
			productName = Banco_de_Medicamentos;
			productReference = 45D5BC5D2A98650B00BDD76A /* Banco_de_Medicamentos.app */;
			productType = "com.apple.product-type.application";
		};
/* End PBXNativeTarget section */

/* Begin PBXProject section */
		45D5BC552A98650B00BDD76A /* Project object */ = {
			isa = PBXProject;
			attributes = {
				BuildIndependentTargetsInParallel = 1;
				LastSwiftUpdateCheck = 1430;
				LastUpgradeCheck = 1430;
				TargetAttributes = {
					45D5BC5C2A98650B00BDD76A = {
						CreatedOnToolsVersion = 14.3.1;
					};
				};
			};
			buildConfigurationList = 45D5BC582A98650B00BDD76A /* Build configuration list for PBXProject "Banco_de_Medicamentos" */;
			compatibilityVersion = "Xcode 14.0";
			developmentRegion = en;
			hasScannedForEncodings = 0;
			knownRegions = (
				en,
				Base,
			);
			mainGroup = 45D5BC542A98650B00BDD76A;
			productRefGroup = 45D5BC5E2A98650B00BDD76A /* Products */;
			projectDirPath = "";
			projectRoot = "";
			targets = (
				45D5BC5C2A98650B00BDD76A /* Banco_de_Medicamentos */,
			);
		};
/* End PBXProject section */

/* Begin PBXResourcesBuildPhase section */
		45D5BC5B2A98650B00BDD76A /* Resources */ = {
			isa = PBXResourcesBuildPhase;
			buildActionMask = 2147483647;
			files = (
				DB14C16B2ABBBCE1002EDBB4 /* centroData.json in Resources */,
				DB14C1692ABBBCCC002EDBB4 /* medicinaData.json in Resources */,
				45D5BC682A98650C00BDD76A /* Preview Assets.xcassets in Resources */,
				45D5BC652A98650C00BDD76A /* Assets.xcassets in Resources */,
			);
			runOnlyForDeploymentPostprocessing = 0;
		};
/* End PBXResourcesBuildPhase section */

/* Begin PBXSourcesBuildPhase section */
		45D5BC592A98650B00BDD76A /* Sources */ = {
			isa = PBXSourcesBuildPhase;
			buildActionMask = 2147483647;
			files = (
				DB5A29332ABE76130014B9C1 /* MainMenu.swift in Sources */,
				DBE1C6D52ABD642600D81942 /* MedicinaDetail.swift in Sources */,
				DBCB84B32ABAB950002217F6 /* CircleView.swift in Sources */,
				DB7BAE192ABBAC2C000E7B4D /* MedicinaRow.swift in Sources */,
				DB14C16D2ABBBE9A002EDBB4 /* LoadMedicinaJSON.swift in Sources */,
				DBCA3CBC2ABD2C3A001FF2BC /* MedicinaList.swift in Sources */,
				45D5BC632A98650B00BDD76A /* ContentView.swift in Sources */,
				DBCB84B82ABABBB6002217F6 /* Medicina.swift in Sources */,
				55118A112AAAB0F6001211FA /* Home.swift in Sources */,
				DB14C16F2ABBBEAB002EDBB4 /* LoadCentroJSON.swift in Sources */,
				DB7BAE1B2ABBAC41000E7B4D /* CentroRow.swift in Sources */,
				DBCB84BA2ABABBC2002217F6 /* Centro.swift in Sources */,
				45D5BC612A98650B00BDD76A /* Banco_de_MedicamentosApp.swift in Sources */,
			);
			runOnlyForDeploymentPostprocessing = 0;
		};
/* End PBXSourcesBuildPhase section */

/* Begin XCBuildConfiguration section */
		45D5BC692A98650C00BDD76A /* Debug */ = {
			isa = XCBuildConfiguration;
			buildSettings = {
				ALWAYS_SEARCH_USER_PATHS = NO;
				CLANG_ANALYZER_NONNULL = YES;
				CLANG_ANALYZER_NUMBER_OBJECT_CONVERSION = YES_AGGRESSIVE;
				CLANG_CXX_LANGUAGE_STANDARD = "gnu++20";
				CLANG_ENABLE_MODULES = YES;
				CLANG_ENABLE_OBJC_ARC = YES;
				CLANG_ENABLE_OBJC_WEAK = YES;
				CLANG_WARN_BLOCK_CAPTURE_AUTORELEASING = YES;
				CLANG_WARN_BOOL_CONVERSION = YES;
				CLANG_WARN_COMMA = YES;
				CLANG_WARN_CONSTANT_CONVERSION = YES;
				CLANG_WARN_DEPRECATED_OBJC_IMPLEMENTATIONS = YES;
				CLANG_WARN_DIRECT_OBJC_ISA_USAGE = YES_ERROR;
				CLANG_WARN_DOCUMENTATION_COMMENTS = YES;
				CLANG_WARN_EMPTY_BODY = YES;
				CLANG_WARN_ENUM_CONVERSION = YES;
				CLANG_WARN_INFINITE_RECURSION = YES;
				CLANG_WARN_INT_CONVERSION = YES;
				CLANG_WARN_NON_LITERAL_NULL_CONVERSION = YES;
				CLANG_WARN_OBJC_IMPLICIT_RETAIN_SELF = YES;
				CLANG_WARN_OBJC_LITERAL_CONVERSION = YES;
				CLANG_WARN_OBJC_ROOT_CLASS = YES_ERROR;
				CLANG_WARN_QUOTED_INCLUDE_IN_FRAMEWORK_HEADER = YES;
				CLANG_WARN_RANGE_LOOP_ANALYSIS = YES;
				CLANG_WARN_STRICT_PROTOTYPES = YES;
				CLANG_WARN_SUSPICIOUS_MOVE = YES;
				CLANG_WARN_UNGUARDED_AVAILABILITY = YES_AGGRESSIVE;
				CLANG_WARN_UNREACHABLE_CODE = YES;
				CLANG_WARN__DUPLICATE_METHOD_MATCH = YES;
				COPY_PHASE_STRIP = NO;
				DEBUG_INFORMATION_FORMAT = dwarf;
				ENABLE_STRICT_OBJC_MSGSEND = YES;
				ENABLE_TESTABILITY = YES;
				GCC_C_LANGUAGE_STANDARD = gnu11;
				GCC_DYNAMIC_NO_PIC = NO;
				GCC_NO_COMMON_BLOCKS = YES;
				GCC_OPTIMIZATION_LEVEL = 0;
				GCC_PREPROCESSOR_DEFINITIONS = (
					"DEBUG=1",
					"$(inherited)",
				);
				GCC_WARN_64_TO_32_BIT_CONVERSION = YES;
				GCC_WARN_ABOUT_RETURN_TYPE = YES_ERROR;
				GCC_WARN_UNDECLARED_SELECTOR = YES;
				GCC_WARN_UNINITIALIZED_AUTOS = YES_AGGRESSIVE;
				GCC_WARN_UNUSED_FUNCTION = YES;
				GCC_WARN_UNUSED_VARIABLE = YES;
				IPHONEOS_DEPLOYMENT_TARGET = 16.4;
				MTL_ENABLE_DEBUG_INFO = INCLUDE_SOURCE;
				MTL_FAST_MATH = YES;
				ONLY_ACTIVE_ARCH = YES;
				SDKROOT = iphoneos;
				SWIFT_ACTIVE_COMPILATION_CONDITIONS = DEBUG;
				SWIFT_OPTIMIZATION_LEVEL = "-Onone";
			};
			name = Debug;
		};
		45D5BC6A2A98650C00BDD76A /* Release */ = {
			isa = XCBuildConfiguration;
			buildSettings = {
				ALWAYS_SEARCH_USER_PATHS = NO;
				CLANG_ANALYZER_NONNULL = YES;
				CLANG_ANALYZER_NUMBER_OBJECT_CONVERSION = YES_AGGRESSIVE;
				CLANG_CXX_LANGUAGE_STANDARD = "gnu++20";
				CLANG_ENABLE_MODULES = YES;
				CLANG_ENABLE_OBJC_ARC = YES;
				CLANG_ENABLE_OBJC_WEAK = YES;
				CLANG_WARN_BLOCK_CAPTURE_AUTORELEASING = YES;
				CLANG_WARN_BOOL_CONVERSION = YES;
				CLANG_WARN_COMMA = YES;
				CLANG_WARN_CONSTANT_CONVERSION = YES;
				CLANG_WARN_DEPRECATED_OBJC_IMPLEMENTATIONS = YES;
				CLANG_WARN_DIRECT_OBJC_ISA_USAGE = YES_ERROR;
				CLANG_WARN_DOCUMENTATION_COMMENTS = YES;
				CLANG_WARN_EMPTY_BODY = YES;
				CLANG_WARN_ENUM_CONVERSION = YES;
				CLANG_WARN_INFINITE_RECURSION = YES;
				CLANG_WARN_INT_CONVERSION = YES;
				CLANG_WARN_NON_LITERAL_NULL_CONVERSION = YES;
				CLANG_WARN_OBJC_IMPLICIT_RETAIN_SELF = YES;
				CLANG_WARN_OBJC_LITERAL_CONVERSION = YES;
				CLANG_WARN_OBJC_ROOT_CLASS = YES_ERROR;
				CLANG_WARN_QUOTED_INCLUDE_IN_FRAMEWORK_HEADER = YES;
				CLANG_WARN_RANGE_LOOP_ANALYSIS = YES;
				CLANG_WARN_STRICT_PROTOTYPES = YES;
				CLANG_WARN_SUSPICIOUS_MOVE = YES;
				CLANG_WARN_UNGUARDED_AVAILABILITY = YES_AGGRESSIVE;
				CLANG_WARN_UNREACHABLE_CODE = YES;
				CLANG_WARN__DUPLICATE_METHOD_MATCH = YES;
				COPY_PHASE_STRIP = NO;
				DEBUG_INFORMATION_FORMAT = "dwarf-with-dsym";
				ENABLE_NS_ASSERTIONS = NO;
				ENABLE_STRICT_OBJC_MSGSEND = YES;
				GCC_C_LANGUAGE_STANDARD = gnu11;
				GCC_NO_COMMON_BLOCKS = YES;
				GCC_WARN_64_TO_32_BIT_CONVERSION = YES;
				GCC_WARN_ABOUT_RETURN_TYPE = YES_ERROR;
				GCC_WARN_UNDECLARED_SELECTOR = YES;
				GCC_WARN_UNINITIALIZED_AUTOS = YES_AGGRESSIVE;
				GCC_WARN_UNUSED_FUNCTION = YES;
				GCC_WARN_UNUSED_VARIABLE = YES;
				IPHONEOS_DEPLOYMENT_TARGET = 16.4;
				MTL_ENABLE_DEBUG_INFO = NO;
				MTL_FAST_MATH = YES;
				SDKROOT = iphoneos;
				SWIFT_COMPILATION_MODE = wholemodule;
				SWIFT_OPTIMIZATION_LEVEL = "-O";
				VALIDATE_PRODUCT = YES;
			};
			name = Release;
		};
		45D5BC6C2A98650C00BDD76A /* Debug */ = {
			isa = XCBuildConfiguration;
			buildSettings = {
				ASSETCATALOG_COMPILER_APPICON_NAME = AppIcon;
				ASSETCATALOG_COMPILER_GLOBAL_ACCENT_COLOR_NAME = AccentColor;
				CODE_SIGN_STYLE = Automatic;
				CURRENT_PROJECT_VERSION = 1;
				DEVELOPMENT_ASSET_PATHS = "\"Banco_de_Medicamentos/Preview Content\"";
				DEVELOPMENT_TEAM = 669B4MX4R6;
				ENABLE_PREVIEWS = YES;
				GENERATE_INFOPLIST_FILE = YES;
				INFOPLIST_KEY_UIApplicationSceneManifest_Generation = YES;
				INFOPLIST_KEY_UIApplicationSupportsIndirectInputEvents = YES;
				INFOPLIST_KEY_UILaunchScreen_Generation = YES;
				INFOPLIST_KEY_UISupportedInterfaceOrientations_iPad = "UIInterfaceOrientationPortrait UIInterfaceOrientationPortraitUpsideDown UIInterfaceOrientationLandscapeLeft UIInterfaceOrientationLandscapeRight";
				INFOPLIST_KEY_UISupportedInterfaceOrientations_iPhone = "UIInterfaceOrientationPortrait UIInterfaceOrientationLandscapeLeft UIInterfaceOrientationLandscapeRight";
				LD_RUNPATH_SEARCH_PATHS = (
					"$(inherited)",
					"@executable_path/Frameworks",
				);
				MARKETING_VERSION = 1.0;
				PRODUCT_BUNDLE_IDENTIFIER = "bamx.Banco-de-Medicamentos";
				PRODUCT_NAME = "$(TARGET_NAME)";
				SWIFT_EMIT_LOC_STRINGS = YES;
				SWIFT_VERSION = 5.0;
				TARGETED_DEVICE_FAMILY = "1,2";
			};
			name = Debug;
		};
		45D5BC6D2A98650C00BDD76A /* Release */ = {
			isa = XCBuildConfiguration;
			buildSettings = {
				ASSETCATALOG_COMPILER_APPICON_NAME = AppIcon;
				ASSETCATALOG_COMPILER_GLOBAL_ACCENT_COLOR_NAME = AccentColor;
				CODE_SIGN_STYLE = Automatic;
				CURRENT_PROJECT_VERSION = 1;
				DEVELOPMENT_ASSET_PATHS = "\"Banco_de_Medicamentos/Preview Content\"";
				DEVELOPMENT_TEAM = 669B4MX4R6;
				ENABLE_PREVIEWS = YES;
				GENERATE_INFOPLIST_FILE = YES;
				INFOPLIST_KEY_UIApplicationSceneManifest_Generation = YES;
				INFOPLIST_KEY_UIApplicationSupportsIndirectInputEvents = YES;
				INFOPLIST_KEY_UILaunchScreen_Generation = YES;
				INFOPLIST_KEY_UISupportedInterfaceOrientations_iPad = "UIInterfaceOrientationPortrait UIInterfaceOrientationPortraitUpsideDown UIInterfaceOrientationLandscapeLeft UIInterfaceOrientationLandscapeRight";
				INFOPLIST_KEY_UISupportedInterfaceOrientations_iPhone = "UIInterfaceOrientationPortrait UIInterfaceOrientationLandscapeLeft UIInterfaceOrientationLandscapeRight";
				LD_RUNPATH_SEARCH_PATHS = (
					"$(inherited)",
					"@executable_path/Frameworks",
				);
				MARKETING_VERSION = 1.0;
				PRODUCT_BUNDLE_IDENTIFIER = "bamx.Banco-de-Medicamentos";
				PRODUCT_NAME = "$(TARGET_NAME)";
				SWIFT_EMIT_LOC_STRINGS = YES;
				SWIFT_VERSION = 5.0;
				TARGETED_DEVICE_FAMILY = "1,2";
			};
			name = Release;
		};
/* End XCBuildConfiguration section */

/* Begin XCConfigurationList section */
		45D5BC582A98650B00BDD76A /* Build configuration list for PBXProject "Banco_de_Medicamentos" */ = {
			isa = XCConfigurationList;
			buildConfigurations = (
				45D5BC692A98650C00BDD76A /* Debug */,
				45D5BC6A2A98650C00BDD76A /* Release */,
			);
			defaultConfigurationIsVisible = 0;
			defaultConfigurationName = Release;
		};
		45D5BC6B2A98650C00BDD76A /* Build configuration list for PBXNativeTarget "Banco_de_Medicamentos" */ = {
			isa = XCConfigurationList;
			buildConfigurations = (
				45D5BC6C2A98650C00BDD76A /* Debug */,
				45D5BC6D2A98650C00BDD76A /* Release */,
			);
			defaultConfigurationIsVisible = 0;
			defaultConfigurationName = Release;
		};
/* End XCConfigurationList section */
	};
	rootObject = 45D5BC552A98650B00BDD76A /* Project object */;
}
